
Microsoft Visual Studio Solution File, Format Version 12.00
# Visual Studio Version 17
VisualStudioVersion = 17.14.36017.23 d17.14
MinimumVisualStudioVersion = 10.0.40219.1
Project("{FAE04EC0-301F-11D3-BF4B-00C04F79EFBC}") = "1. PresentationLayer", "1. PresentationLayer\1. PresentationLayer.csproj", "{2B94932B-65BE-4BCF-A7AE-C59A1C56DE2C}"
EndProject
Project("{FAE04EC0-301F-11D3-BF4B-00C04F79EFBC}") = "2. BusinessLayer", "2. BusinessLayer\2. BusinessLayer.csproj", "{C684293A-DE31-4273-A599-8BBC7963414C}"
EndProject
Project("{FAE04EC0-301F-11D3-BF4B-00C04F79EFBC}") = "3. DataLayer", "3. DataLayer\3. DataLayer.csproj", "{7ED6325B-9ED5-4257-87FD-BC5EC6B1DD75}"
EndProject
Global
	GlobalSection(SolutionConfigurationPlatforms) = preSolution
		Debug|Any CPU = Debug|Any CPU
		Release|Any CPU = Release|Any CPU
	EndGlobalSection
	GlobalSection(ProjectConfigurationPlatforms) = postSolution
		{2B94932B-65BE-4BCF-A7AE-C59A1C56DE2C}.Debug|Any CPU.ActiveCfg = Debug|Any CPU
		{2B94932B-65BE-4BCF-A7AE-C59A1C56DE2C}.Debug|Any CPU.Build.0 = Debug|Any CPU
		{2B94932B-65BE-4BCF-A7AE-C59A1C56DE2C}.Release|Any CPU.ActiveCfg = Release|Any CPU
		{2B94932B-65BE-4BCF-A7AE-C59A1C56DE2C}.Release|Any CPU.Build.0 = Release|Any CPU
		{C684293A-DE31-4273-A599-8BBC7963414C}.Debug|Any CPU.ActiveCfg = Debug|Any CPU
		{C684293A-DE31-4273-A599-8BBC7963414C}.Debug|Any CPU.Build.0 = Debug|Any CPU
		{C684293A-DE31-4273-A599-8BBC7963414C}.Release|Any CPU.ActiveCfg = Release|Any CPU
		{C684293A-DE31-4273-A599-8BBC7963414C}.Release|Any CPU.Build.0 = Release|Any CPU
		{7ED6325B-9ED5-4257-87FD-BC5EC6B1DD75}.Debug|Any CPU.ActiveCfg = Debug|Any CPU
		{7ED6325B-9ED5-4257-87FD-BC5EC6B1DD75}.Debug|Any CPU.Build.0 = Debug|Any CPU
		{7ED6325B-9ED5-4257-87FD-BC5EC6B1DD75}.Release|Any CPU.ActiveCfg = Release|Any CPU
		{7ED6325B-9ED5-4257-87FD-BC5EC6B1DD75}.Release|Any CPU.Build.0 = Release|Any CPU
	EndGlobalSection
	GlobalSection(SolutionProperties) = preSolution
		HideSolutionNode = FALSE
	EndGlobalSection
	GlobalSection(ExtensibilityGlobals) = postSolution
		SolutionGuid = {18B41E80-6A44-468E-9A7D-DAC38589C42E}
	EndGlobalSection
EndGlobal
